// !$*UTF8*$!
{
	archiveVersion = 1;
	classes = {
	};
	objectVersion = 55;
	objects = {

/* Begin PBXBuildFile section */
		EE8F4AB027F684A500CA8ED1 /* StaggeredGridApp.swift in Sources */ = {isa = PBXBuildFile; fileRef = EE8F4AAF27F684A500CA8ED1 /* StaggeredGridApp.swift */; };
		EE8F4AB227F684A500CA8ED1 /* ContentView.swift in Sources */ = {isa = PBXBuildFile; fileRef = EE8F4AB127F684A500CA8ED1 /* ContentView.swift */; };
		EE8F4AB427F684A900CA8ED1 /* Assets.xcassets in Resources */ = {isa = PBXBuildFile; fileRef = EE8F4AB327F684A900CA8ED1 /* Assets.xcassets */; };
		EE8F4AB727F684A900CA8ED1 /* Preview Assets.xcassets in Resources */ = {isa = PBXBuildFile; fileRef = EE8F4AB627F684A900CA8ED1 /* Preview Assets.xcassets */; };
		EE8F4ABF27F684D000CA8ED1 /* Home.swift in Sources */ = {isa = PBXBuildFile; fileRef = EE8F4ABE27F684D000CA8ED1 /* Home.swift */; };
		EE8F4AC127F6854600CA8ED1 /* Staggered.swift in Sources */ = {isa = PBXBuildFile; fileRef = EE8F4AC027F6854600CA8ED1 /* Staggered.swift */; };
		EE8F4AC427F698B000CA8ED1 /* Post.swift in Sources */ = {isa = PBXBuildFile; fileRef = EE8F4AC327F698B000CA8ED1 /* Post.swift */; };
/* End PBXBuildFile section */

/* Begin PBXFileReference section */
		EE8F4AAC27F684A500CA8ED1 /* Staggered.app */ = {isa = PBXFileReference; explicitFileType = wrapper.application; includeInIndex = 0; path = Staggered.app; sourceTree = BUILT_PRODUCTS_DIR; };
		EE8F4AAF27F684A500CA8ED1 /* StaggeredGridApp.swift */ = {isa = PBXFileReference; lastKnownFileType = sourcecode.swift; path = StaggeredGridApp.swift; sourceTree = "<group>"; };
		EE8F4AB127F684A500CA8ED1 /* ContentView.swift */ = {isa = PBXFileReference; lastKnownFileType = sourcecode.swift; path = ContentView.swift; sourceTree = "<group>"; };
		EE8F4AB327F684A900CA8ED1 /* Assets.xcassets */ = {isa = PBXFileReference; lastKnownFileType = folder.assetcatalog; path = Assets.xcassets; sourceTree = "<group>"; };
		EE8F4AB627F684A900CA8ED1 /* Preview Assets.xcassets */ = {isa = PBXFileReference; lastKnownFileType = folder.assetcatalog; path = "Preview Assets.xcassets"; sourceTree = "<group>"; };
		EE8F4ABE27F684D000CA8ED1 /* Home.swift */ = {isa = PBXFileReference; lastKnownFileType = sourcecode.swift; path = Home.swift; sourceTree = "<group>"; };
		EE8F4AC027F6854600CA8ED1 /* Staggered.swift */ = {isa = PBXFileReference; lastKnownFileType = sourcecode.swift; path = Staggered.swift; sourceTree = "<group>"; };
		EE8F4AC327F698B000CA8ED1 /* Post.swift */ = {isa = PBXFileReference; lastKnownFileType = sourcecode.swift; path = Post.swift; sourceTree = "<group>"; };
/* End PBXFileReference section */

/* Begin PBXFrameworksBuildPhase section */
		EE8F4AA927F684A500CA8ED1 /* Frameworks */ = {
			isa = PBXFrameworksBuildPhase;
			buildActionMask = 2147483647;
			files = (
			);
			runOnlyForDeploymentPostprocessing = 0;
		};
/* End PBXFrameworksBuildPhase section */

/* Begin PBXGroup section */
		EE8F4AA327F684A400CA8ED1 = {
			isa = PBXGroup;
			children = (
				EE8F4AAE27F684A500CA8ED1 /* StaggeredGrid */,
				EE8F4AAD27F684A500CA8ED1 /* Products */,
			);
			sourceTree = "<group>";
		};
		EE8F4AAD27F684A500CA8ED1 /* Products */ = {
			isa = PBXGroup;
			children = (
				EE8F4AAC27F684A500CA8ED1 /* Staggered.app */,
			);
			name = Products;
			sourceTree = "<group>";
		};
		EE8F4AAE27F684A500CA8ED1 /* StaggeredGrid */ = {
			isa = PBXGroup;
			children = (
				EE8F4AC227F6872900CA8ED1 /* Model */,
				EE8F4ABD27F684C300CA8ED1 /* View */,
				EE8F4AAF27F684A500CA8ED1 /* StaggeredGridApp.swift */,
				EE8F4AB127F684A500CA8ED1 /* ContentView.swift */,
				EE8F4AB327F684A900CA8ED1 /* Assets.xcassets */,
				EE8F4AB527F684A900CA8ED1 /* Preview Content */,
			);
			path = StaggeredGrid;
			sourceTree = "<group>";
		};
		EE8F4AB527F684A900CA8ED1 /* Preview Content */ = {
			isa = PBXGroup;
			children = (
				EE8F4AB627F684A900CA8ED1 /* Preview Assets.xcassets */,
			);
			path = "Preview Content";
			sourceTree = "<group>";
		};
		EE8F4ABD27F684C300CA8ED1 /* View */ = {
			isa = PBXGroup;
			children = (
				EE8F4ABE27F684D000CA8ED1 /* Home.swift */,
				EE8F4AC027F6854600CA8ED1 /* Staggered.swift */,
			);
			path = View;
			sourceTree = "<group>";
		};
		EE8F4AC227F6872900CA8ED1 /* Model */ = {
			isa = PBXGroup;
			children = (
				EE8F4AC327F698B000CA8ED1 /* Post.swift */,
			);
			path = Model;
			sourceTree = "<group>";
		};
/* End PBXGroup section */

/* Begin PBXNativeTarget section */
		EE8F4AAB27F684A500CA8ED1 /* StaggeredGrid */ = {
			isa = PBXNativeTarget;
			buildConfigurationList = EE8F4ABA27F684A900CA8ED1 /* Build configuration list for PBXNativeTarget "StaggeredGrid" */;
			buildPhases = (
				EE8F4AA827F684A500CA8ED1 /* Sources */,
				EE8F4AA927F684A500CA8ED1 /* Frameworks */,
				EE8F4AAA27F684A500CA8ED1 /* Resources */,
			);
			buildRules = (
			);
			dependencies = (
			);
			name = StaggeredGrid;
			productName = StaggeredGrid;
			productReference = EE8F4AAC27F684A500CA8ED1 /* Staggered.app */;
			productType = "com.apple.product-type.application";
		};
/* End PBXNativeTarget section */

/* Begin PBXProject section */
		EE8F4AA427F684A500CA8ED1 /* Project object */ = {
			isa = PBXProject;
			attributes = {
				BuildIndependentTargetsInParallel = 1;
				LastSwiftUpdateCheck = 1320;
				LastUpgradeCheck = 1320;
				TargetAttributes = {
					EE8F4AAB27F684A500CA8ED1 = {
						CreatedOnToolsVersion = 13.2.1;
					};
				};
			};
			buildConfigurationList = EE8F4AA727F684A500CA8ED1 /* Build configuration list for PBXProject "Staggered" */;
			compatibilityVersion = "Xcode 13.0";
			developmentRegion = en;
			hasScannedForEncodings = 0;
			knownRegions = (
				en,
				Base,
			);
			mainGroup = EE8F4AA327F684A400CA8ED1;
			productRefGroup = EE8F4AAD27F684A500CA8ED1 /* Products */;
			projectDirPath = "";
			projectRoot = "";
			targets = (
				EE8F4AAB27F684A500CA8ED1 /* StaggeredGrid */,
			);
		};
/* End PBXProject section */

/* Begin PBXResourcesBuildPhase section */
		EE8F4AAA27F684A500CA8ED1 /* Resources */ = {
			isa = PBXResourcesBuildPhase;
			buildActionMask = 2147483647;
			files = (
				EE8F4AB727F684A900CA8ED1 /* Preview Assets.xcassets in Resources */,
				EE8F4AB427F684A900CA8ED1 /* Assets.xcassets in Resources */,
			);
			runOnlyForDeploymentPostprocessing = 0;
		};
/* End PBXResourcesBuildPhase section */

/* Begin PBXSourcesBuildPhase section */
		EE8F4AA827F684A500CA8ED1 /* Sources */ = {
			isa = PBXSourcesBuildPhase;
			buildActionMask = 2147483647;
			files = (
				EE8F4AC127F6854600CA8ED1 /* Staggered.swift in Sources */,
				EE8F4AB227F684A500CA8ED1 /* ContentView.swift in Sources */,
				EE8F4ABF27F684D000CA8ED1 /* Home.swift in Sources */,
				EE8F4AB027F684A500CA8ED1 /* StaggeredGridApp.swift in Sources */,
				EE8F4AC427F698B000CA8ED1 /* Post.swift in Sources */,
			);
			runOnlyForDeploymentPostprocessing = 0;
		};
/* End PBXSourcesBuildPhase section */

/* Begin XCBuildConfiguration section */
		EE8F4AB827F684A900CA8ED1 /* Debug */ = {
			isa = XCBuildConfiguration;
			buildSettings = {
				ALWAYS_SEARCH_USER_PATHS = NO;
				CLANG_ANALYZER_NONNULL = YES;
				CLANG_ANALYZER_NUMBER_OBJECT_CONVERSION = YES_AGGRESSIVE;
				CLANG_CXX_LANGUAGE_STANDARD = "gnu++17";
				CLANG_CXX_LIBRARY = "libc++";
				CLANG_ENABLE_MODULES = YES;
				CLANG_ENABLE_OBJC_ARC = YES;
				CLANG_ENABLE_OBJC_WEAK = YES;
				CLANG_WARN_BLOCK_CAPTURE_AUTORELEASING = YES;
				CLANG_WARN_BOOL_CONVERSION = YES;
				CLANG_WARN_COMMA = YES;
				CLANG_WARN_CONSTANT_CONVERSION = YES;
				CLANG_WARN_DEPRECATED_OBJC_IMPLEMENTATIONS = YES;
				CLANG_WARN_DIRECT_OBJC_ISA_USAGE = YES_ERROR;
				CLANG_WARN_DOCUMENTATION_COMMENTS = YES;
				CLANG_WARN_EMPTY_BODY = YES;
				CLANG_WARN_ENUM_CONVERSION = YES;
				CLANG_WARN_INFINITE_RECURSION = YES;
				CLANG_WARN_INT_CONVERSION = YES;
				CLANG_WARN_NON_LITERAL_NULL_CONVERSION = YES;
				CLANG_WARN_OBJC_IMPLICIT_RETAIN_SELF = YES;
				CLANG_WARN_OBJC_LITERAL_CONVERSION = YES;
				CLANG_WARN_OBJC_ROOT_CLASS = YES_ERROR;
				CLANG_WARN_QUOTED_INCLUDE_IN_FRAMEWORK_HEADER = YES;
				CLANG_WARN_RANGE_LOOP_ANALYSIS = YES;
				CLANG_WARN_STRICT_PROTOTYPES = YES;
				CLANG_WARN_SUSPICIOUS_MOVE = YES;
				CLANG_WARN_UNGUARDED_AVAILABILITY = YES_AGGRESSIVE;
				CLANG_WARN_UNREACHABLE_CODE = YES;
				CLANG_WARN__DUPLICATE_METHOD_MATCH = YES;
				COPY_PHASE_STRIP = NO;
				DEBUG_INFORMATION_FORMAT = dwarf;
				ENABLE_STRICT_OBJC_MSGSEND = YES;
				ENABLE_TESTABILITY = YES;
				GCC_C_LANGUAGE_STANDARD = gnu11;
				GCC_DYNAMIC_NO_PIC = NO;
				GCC_NO_COMMON_BLOCKS = YES;
				GCC_OPTIMIZATION_LEVEL = 0;
				GCC_PREPROCESSOR_DEFINITIONS = (
					"DEBUG=1",
					"$(inherited)",
				);
				GCC_WARN_64_TO_32_BIT_CONVERSION = YES;
				GCC_WARN_ABOUT_RETURN_TYPE = YES_ERROR;
				GCC_WARN_UNDECLARED_SELECTOR = YES;
				GCC_WARN_UNINITIALIZED_AUTOS = YES_AGGRESSIVE;
				GCC_WARN_UNUSED_FUNCTION = YES;
				GCC_WARN_UNUSED_VARIABLE = YES;
				IPHONEOS_DEPLOYMENT_TARGET = 15.2;
				MTL_ENABLE_DEBUG_INFO = INCLUDE_SOURCE;
				MTL_FAST_MATH = YES;
				ONLY_ACTIVE_ARCH = YES;
				SDKROOT = iphoneos;
				SWIFT_ACTIVE_COMPILATION_CONDITIONS = DEBUG;
				SWIFT_OPTIMIZATION_LEVEL = "-Onone";
			};
			name = Debug;
		};
		EE8F4AB927F684A900CA8ED1 /* Release */ = {
			isa = XCBuildConfiguration;
			buildSettings = {
				ALWAYS_SEARCH_USER_PATHS = NO;
				CLANG_ANALYZER_NONNULL = YES;
				CLANG_ANALYZER_NUMBER_OBJECT_CONVERSION = YES_AGGRESSIVE;
				CLANG_CXX_LANGUAGE_STANDARD = "gnu++17";
				CLANG_CXX_LIBRARY = "libc++";
				CLANG_ENABLE_MODULES = YES;
				CLANG_ENABLE_OBJC_ARC = YES;
				CLANG_ENABLE_OBJC_WEAK = YES;
				CLANG_WARN_BLOCK_CAPTURE_AUTORELEASING = YES;
				CLANG_WARN_BOOL_CONVERSION = YES;
				CLANG_WARN_COMMA = YES;
				CLANG_WARN_CONSTANT_CONVERSION = YES;
				CLANG_WARN_DEPRECATED_OBJC_IMPLEMENTATIONS = YES;
				CLANG_WARN_DIRECT_OBJC_ISA_USAGE = YES_ERROR;
				CLANG_WARN_DOCUMENTATION_COMMENTS = YES;
				CLANG_WARN_EMPTY_BODY = YES;
				CLANG_WARN_ENUM_CONVERSION = YES;
				CLANG_WARN_INFINITE_RECURSION = YES;
				CLANG_WARN_INT_CONVERSION = YES;
				CLANG_WARN_NON_LITERAL_NULL_CONVERSION = YES;
				CLANG_WARN_OBJC_IMPLICIT_RETAIN_SELF = YES;
				CLANG_WARN_OBJC_LITERAL_CONVERSION = YES;
				CLANG_WARN_OBJC_ROOT_CLASS = YES_ERROR;
				CLANG_WARN_QUOTED_INCLUDE_IN_FRAMEWORK_HEADER = YES;
				CLANG_WARN_RANGE_LOOP_ANALYSIS = YES;
				CLANG_WARN_STRICT_PROTOTYPES = YES;
				CLANG_WARN_SUSPICIOUS_MOVE = YES;
				CLANG_WARN_UNGUARDED_AVAILABILITY = YES_AGGRESSIVE;
				CLANG_WARN_UNREACHABLE_CODE = YES;
				CLANG_WARN__DUPLICATE_METHOD_MATCH = YES;
				COPY_PHASE_STRIP = NO;
				DEBUG_INFORMATION_FORMAT = "dwarf-with-dsym";
				ENABLE_NS_ASSERTIONS = NO;
				ENABLE_STRICT_OBJC_MSGSEND = YES;
				GCC_C_LANGUAGE_STANDARD = gnu11;
				GCC_NO_COMMON_BLOCKS = YES;
				GCC_WARN_64_TO_32_BIT_CONVERSION = YES;
				GCC_WARN_ABOUT_RETURN_TYPE = YES_ERROR;
				GCC_WARN_UNDECLARED_SELECTOR = YES;
				GCC_WARN_UNINITIALIZED_AUTOS = YES_AGGRESSIVE;
				GCC_WARN_UNUSED_FUNCTION = YES;
				GCC_WARN_UNUSED_VARIABLE = YES;
				IPHONEOS_DEPLOYMENT_TARGET = 15.2;
				MTL_ENABLE_DEBUG_INFO = NO;
				MTL_FAST_MATH = YES;
				SDKROOT = iphoneos;
				SWIFT_COMPILATION_MODE = wholemodule;
				SWIFT_OPTIMIZATION_LEVEL = "-O";
				VALIDATE_PRODUCT = YES;
			};
			name = Release;
		};
		EE8F4ABB27F684A900CA8ED1 /* Debug */ = {
			isa = XCBuildConfiguration;
			buildSettings = {
				ASSETCATALOG_COMPILER_APPICON_NAME = AppIcon;
				ASSETCATALOG_COMPILER_GLOBAL_ACCENT_COLOR_NAME = AccentColor;
				CODE_SIGN_STYLE = Automatic;
				CURRENT_PROJECT_VERSION = 1;
				DEVELOPMENT_ASSET_PATHS = "\"StaggeredGrid/Preview Content\"";
				ENABLE_PREVIEWS = YES;
				GENERATE_INFOPLIST_FILE = YES;
				INFOPLIST_KEY_UIApplicationSceneManifest_Generation = YES;
				INFOPLIST_KEY_UIApplicationSupportsIndirectInputEvents = YES;
				INFOPLIST_KEY_UILaunchScreen_Generation = YES;
				INFOPLIST_KEY_UISupportedInterfaceOrientations_iPad = "UIInterfaceOrientationPortrait UIInterfaceOrientationPortraitUpsideDown UIInterfaceOrientationLandscapeLeft UIInterfaceOrientationLandscapeRight";
				INFOPLIST_KEY_UISupportedInterfaceOrientations_iPhone = "UIInterfaceOrientationPortrait UIInterfaceOrientationLandscapeLeft UIInterfaceOrientationLandscapeRight";
				LD_RUNPATH_SEARCH_PATHS = (
					"$(inherited)",
					"@executable_path/Frameworks",
				);
				MARKETING_VERSION = 1.0;
				PRODUCT_BUNDLE_IDENTIFIER = com.cognizant.Staggered;
				PRODUCT_NAME = Staggered;
				SWIFT_EMIT_LOC_STRINGS = YES;
				SWIFT_VERSION = 5.0;
				TARGETED_DEVICE_FAMILY = "1,2";
			};
			name = Debug;
		};
		EE8F4ABC27F684A900CA8ED1 /* Release */ = {
			isa = XCBuildConfiguration;
			buildSettings = {
				ASSETCATALOG_COMPILER_APPICON_NAME = AppIcon;
				ASSETCATALOG_COMPILER_GLOBAL_ACCENT_COLOR_NAME = AccentColor;
				CODE_SIGN_STYLE = Automatic;
				CURRENT_PROJECT_VERSION = 1;
				DEVELOPMENT_ASSET_PATHS = "\"StaggeredGrid/Preview Content\"";
				ENABLE_PREVIEWS = YES;
				GENERATE_INFOPLIST_FILE = YES;
				INFOPLIST_KEY_UIApplicationSceneManifest_Generation = YES;
				INFOPLIST_KEY_UIApplicationSupportsIndirectInputEvents = YES;
				INFOPLIST_KEY_UILaunchScreen_Generation = YES;
				INFOPLIST_KEY_UISupportedInterfaceOrientations_iPad = "UIInterfaceOrientationPortrait UIInterfaceOrientationPortraitUpsideDown UIInterfaceOrientationLandscapeLeft UIInterfaceOrientationLandscapeRight";
				INFOPLIST_KEY_UISupportedInterfaceOrientations_iPhone = "UIInterfaceOrientationPortrait UIInterfaceOrientationLandscapeLeft UIInterfaceOrientationLandscapeRight";
				LD_RUNPATH_SEARCH_PATHS = (
					"$(inherited)",
					"@executable_path/Frameworks",
				);
				MARKETING_VERSION = 1.0;
				PRODUCT_BUNDLE_IDENTIFIER = com.cognizant.Staggered;
				PRODUCT_NAME = Staggered;
				SWIFT_EMIT_LOC_STRINGS = YES;
				SWIFT_VERSION = 5.0;
				TARGETED_DEVICE_FAMILY = "1,2";
			};
			name = Release;
		};
/* End XCBuildConfiguration section */

/* Begin XCConfigurationList section */
		EE8F4AA727F684A500CA8ED1 /* Build configuration list for PBXProject "Staggered" */ = {
			isa = XCConfigurationList;
			buildConfigurations = (
				EE8F4AB827F684A900CA8ED1 /* Debug */,
				EE8F4AB927F684A900CA8ED1 /* Release */,
			);
			defaultConfigurationIsVisible = 0;
			defaultConfigurationName = Release;
		};
		EE8F4ABA27F684A900CA8ED1 /* Build configuration list for PBXNativeTarget "StaggeredGrid" */ = {
			isa = XCConfigurationList;
			buildConfigurations = (
				EE8F4ABB27F684A900CA8ED1 /* Debug */,
				EE8F4ABC27F684A900CA8ED1 /* Release */,
			);
			defaultConfigurationIsVisible = 0;
			defaultConfigurationName = Release;
		};
/* End XCConfigurationList section */
	};
	rootObject = EE8F4AA427F684A500CA8ED1 /* Project object */;
}
